// !$*UTF8*$!
{
	archiveVersion = 1;
	classes = {
	};
	objectVersion = 55;
	objects = {

/* Begin PBXBuildFile section */
		0801A612F0B1CE0BB4A1E08B /* Pods_DDip_iOS.framework in Frameworks */ = {isa = PBXBuildFile; fileRef = BEA0F3BE6B828028E83A654E /* Pods_DDip_iOS.framework */; };
		19A4D9D827497E3E00483056 /* DDipDetailTVCell.swift in Sources */ = {isa = PBXBuildFile; fileRef = 19A4D9D627497E3E00483056 /* DDipDetailTVCell.swift */; };
		19A4D9D927497E3E00483056 /* DDipDetailTVCell.xib in Resources */ = {isa = PBXBuildFile; fileRef = 19A4D9D727497E3E00483056 /* DDipDetailTVCell.xib */; };
		19A4D9DC27497F1D00483056 /* DDipPersonTVCell.swift in Sources */ = {isa = PBXBuildFile; fileRef = 19A4D9DA27497F1D00483056 /* DDipPersonTVCell.swift */; };
		19A4D9DD27497F1D00483056 /* DDipPersonTVCell.xib in Resources */ = {isa = PBXBuildFile; fileRef = 19A4D9DB27497F1D00483056 /* DDipPersonTVCell.xib */; };
		19A4D9E027498A4700483056 /* DDipDescriptionTVCell.swift in Sources */ = {isa = PBXBuildFile; fileRef = 19A4D9DE27498A4700483056 /* DDipDescriptionTVCell.swift */; };
		19A4D9E127498A4700483056 /* DDipDescriptionTVCell.xib in Resources */ = {isa = PBXBuildFile; fileRef = 19A4D9DF27498A4700483056 /* DDipDescriptionTVCell.xib */; };
		EDE08D6827492E090057A015 /* AppDelegate.swift in Sources */ = {isa = PBXBuildFile; fileRef = EDE08D6727492E090057A015 /* AppDelegate.swift */; };
		EDE08D6A27492E090057A015 /* SceneDelegate.swift in Sources */ = {isa = PBXBuildFile; fileRef = EDE08D6927492E090057A015 /* SceneDelegate.swift */; };
		EDE08D7127492E0B0057A015 /* Assets.xcassets in Resources */ = {isa = PBXBuildFile; fileRef = EDE08D7027492E0B0057A015 /* Assets.xcassets */; };
		EDE08D7427492E0B0057A015 /* LaunchScreen.storyboard in Resources */ = {isa = PBXBuildFile; fileRef = EDE08D7227492E0B0057A015 /* LaunchScreen.storyboard */; };
		EDE08D8C27492F010057A015 /* DDipMain.storyboard in Resources */ = {isa = PBXBuildFile; fileRef = EDE08D8B27492F010057A015 /* DDipMain.storyboard */; };
		EDE08D8E27492F4D0057A015 /* DDipListVC.swift in Sources */ = {isa = PBXBuildFile; fileRef = EDE08D8D27492F4D0057A015 /* DDipListVC.swift */; };
		EDE08D9027492FBA0057A015 /* DDipDetailVC.swift in Sources */ = {isa = PBXBuildFile; fileRef = EDE08D8F27492FBA0057A015 /* DDipDetailVC.swift */; };
		EDE08D9227492FE50057A015 /* DDipCreateVC.swift in Sources */ = {isa = PBXBuildFile; fileRef = EDE08D9127492FE50057A015 /* DDipCreateVC.swift */; };
		EDE08D95274933520057A015 /* UITableViewRegisterable.swift in Sources */ = {isa = PBXBuildFile; fileRef = EDE08D94274933520057A015 /* UITableViewRegisterable.swift */; };
		EDE08D97274933610057A015 /* UICollectionViewRegisterable.swift in Sources */ = {isa = PBXBuildFile; fileRef = EDE08D96274933610057A015 /* UICollectionViewRegisterable.swift */; };
		EDE08D99274933840057A015 /* ClassName+ViewController.swift in Sources */ = {isa = PBXBuildFile; fileRef = EDE08D98274933840057A015 /* ClassName+ViewController.swift */; };
		EDE08D9B274933C50057A015 /* UIView+.swift in Sources */ = {isa = PBXBuildFile; fileRef = EDE08D9A274933C50057A015 /* UIView+.swift */; };
		EDE08D9D274933E00057A015 /* UIViewController+.swift in Sources */ = {isa = PBXBuildFile; fileRef = EDE08D9C274933E00057A015 /* UIViewController+.swift */; };
		EDE08D9F274933F90057A015 /* UIScreen+.swift in Sources */ = {isa = PBXBuildFile; fileRef = EDE08D9E274933F90057A015 /* UIScreen+.swift */; };
		EDE08DA1274934220057A015 /* Encodable+.swift in Sources */ = {isa = PBXBuildFile; fileRef = EDE08DA0274934220057A015 /* Encodable+.swift */; };
		EDE08DA3274934810057A015 /* UITextField+.swift in Sources */ = {isa = PBXBuildFile; fileRef = EDE08DA2274934810057A015 /* UITextField+.swift */; };
		EDE08DA62749349A0057A015 /* BaseViewController.swift in Sources */ = {isa = PBXBuildFile; fileRef = EDE08DA52749349A0057A015 /* BaseViewController.swift */; };
		EDE08DA8274934F30057A015 /* FontLiteral.swift in Sources */ = {isa = PBXBuildFile; fileRef = EDE08DA7274934F30057A015 /* FontLiteral.swift */; };
		EDE08DAA274934FA0057A015 /* ColorLiteral.swift in Sources */ = {isa = PBXBuildFile; fileRef = EDE08DA9274934FA0057A015 /* ColorLiteral.swift */; };
		EDE08DAC274935060057A015 /* ImageLiteral.swift in Sources */ = {isa = PBXBuildFile; fileRef = EDE08DAB274935060057A015 /* ImageLiteral.swift */; };
		EDE08DD527494DB50057A015 /* GmarketSansMedium.otf in Resources */ = {isa = PBXBuildFile; fileRef = EDE08DD227494DB50057A015 /* GmarketSansMedium.otf */; };
		EDE08DD627494DB50057A015 /* GmarketSansLight.otf in Resources */ = {isa = PBXBuildFile; fileRef = EDE08DD327494DB50057A015 /* GmarketSansLight.otf */; };
		EDE08DD727494DB50057A015 /* GmarketSansBold.otf in Resources */ = {isa = PBXBuildFile; fileRef = EDE08DD427494DB50057A015 /* GmarketSansBold.otf */; };
		EDE08DDB27495A150057A015 /* TabBarController.swift in Sources */ = {isa = PBXBuildFile; fileRef = EDE08DDA27495A150057A015 /* TabBarController.swift */; };
		EDE08DDD274969A80057A015 /* CardCVC.swift in Sources */ = {isa = PBXBuildFile; fileRef = EDE08DDC274969A80057A015 /* CardCVC.swift */; };
		EDE08DDF274970430057A015 /* UILabel+.swift in Sources */ = {isa = PBXBuildFile; fileRef = EDE08DDE274970430057A015 /* UILabel+.swift */; };
		EDE08DE127497A570057A015 /* DDipHistoryVC.swift in Sources */ = {isa = PBXBuildFile; fileRef = EDE08DE027497A570057A015 /* DDipHistoryVC.swift */; };
		EDE08DE327497C0E0057A015 /* HistoryHeaderTVC.swift in Sources */ = {isa = PBXBuildFile; fileRef = EDE08DE227497C0E0057A015 /* HistoryHeaderTVC.swift */; };
		EDE08DE527497C560057A015 /* HistoryContentTVC.swift in Sources */ = {isa = PBXBuildFile; fileRef = EDE08DE427497C560057A015 /* HistoryContentTVC.swift */; };
		EDE08DE7274984140057A015 /* NicknameVC.swift in Sources */ = {isa = PBXBuildFile; fileRef = EDE08DE6274984140057A015 /* NicknameVC.swift */; };
		EDE08DE9274988050057A015 /* GeneralAPI.swift in Sources */ = {isa = PBXBuildFile; fileRef = EDE08DE8274988050057A015 /* GeneralAPI.swift */; };
		EDE08DEB274988170057A015 /* NetworkLoggerPlugin.swift in Sources */ = {isa = PBXBuildFile; fileRef = EDE08DEA274988170057A015 /* NetworkLoggerPlugin.swift */; };
		EDE08DED2749882E0057A015 /* UserData.swift in Sources */ = {isa = PBXBuildFile; fileRef = EDE08DEC2749882E0057A015 /* UserData.swift */; };
		EDE08DEF274988970057A015 /* Login.swift in Sources */ = {isa = PBXBuildFile; fileRef = EDE08DEE274988970057A015 /* Login.swift */; };
		EDE08DF12749892A0057A015 /* MainService.swift in Sources */ = {isa = PBXBuildFile; fileRef = EDE08DF02749892A0057A015 /* MainService.swift */; };
		EDE08DF4274989D60057A015 /* MainManager.swift in Sources */ = {isa = PBXBuildFile; fileRef = EDE08DF3274989D60057A015 /* MainManager.swift */; };
		EDE08DF627498BF70057A015 /* MainResponse.swift in Sources */ = {isa = PBXBuildFile; fileRef = EDE08DF527498BF70057A015 /* MainResponse.swift */; };
		EDE08DF827498F090057A015 /* MainRequest.swift in Sources */ = {isa = PBXBuildFile; fileRef = EDE08DF727498F090057A015 /* MainRequest.swift */; };
		EDE08DFA274994700057A015 /* MainPostRequest.swift in Sources */ = {isa = PBXBuildFile; fileRef = EDE08DF9274994700057A015 /* MainPostRequest.swift */; };
		EDE08DFC274994AF0057A015 /* MainPostResponse.swift in Sources */ = {isa = PBXBuildFile; fileRef = EDE08DFB274994AF0057A015 /* MainPostResponse.swift */; };
		EDE08DFE27499AA70057A015 /* LoginService.swift in Sources */ = {isa = PBXBuildFile; fileRef = EDE08DFD27499AA70057A015 /* LoginService.swift */; };
		EDE08E0027499AC90057A015 /* LoginRequest.swift in Sources */ = {isa = PBXBuildFile; fileRef = EDE08DFF27499AC90057A015 /* LoginRequest.swift */; };
		EDE08E0227499B460057A015 /* LoginResponse.swift in Sources */ = {isa = PBXBuildFile; fileRef = EDE08E0127499B460057A015 /* LoginResponse.swift */; };
		EDE08E0427499B640057A015 /* LoginManager.swift in Sources */ = {isa = PBXBuildFile; fileRef = EDE08E0327499B640057A015 /* LoginManager.swift */; };
		EDE08E0627499E7A0057A015 /* PostRequest.swift in Sources */ = {isa = PBXBuildFile; fileRef = EDE08E0527499E7A0057A015 /* PostRequest.swift */; };
		EDE08E0827499ED40057A015 /* PostResponse.swift in Sources */ = {isa = PBXBuildFile; fileRef = EDE08E0727499ED40057A015 /* PostResponse.swift */; };
		EDE08E0A2749A0DD0057A015 /* PostContentRequest.swift in Sources */ = {isa = PBXBuildFile; fileRef = EDE08E092749A0DD0057A015 /* PostContentRequest.swift */; };
		EDE08E0C2749A2440057A015 /* PostContentResponse.swift in Sources */ = {isa = PBXBuildFile; fileRef = EDE08E0B2749A2440057A015 /* PostContentResponse.swift */; };
/* End PBXBuildFile section */

/* Begin PBXFileReference section */
		19A4D9D627497E3E00483056 /* DDipDetailTVCell.swift */ = {isa = PBXFileReference; lastKnownFileType = sourcecode.swift; path = DDipDetailTVCell.swift; sourceTree = "<group>"; };
		19A4D9D727497E3E00483056 /* DDipDetailTVCell.xib */ = {isa = PBXFileReference; lastKnownFileType = file.xib; path = DDipDetailTVCell.xib; sourceTree = "<group>"; };
		19A4D9DA27497F1D00483056 /* DDipPersonTVCell.swift */ = {isa = PBXFileReference; lastKnownFileType = sourcecode.swift; path = DDipPersonTVCell.swift; sourceTree = "<group>"; };
		19A4D9DB27497F1D00483056 /* DDipPersonTVCell.xib */ = {isa = PBXFileReference; lastKnownFileType = file.xib; path = DDipPersonTVCell.xib; sourceTree = "<group>"; };
		19A4D9DE27498A4700483056 /* DDipDescriptionTVCell.swift */ = {isa = PBXFileReference; lastKnownFileType = sourcecode.swift; path = DDipDescriptionTVCell.swift; sourceTree = "<group>"; };
		19A4D9DF27498A4700483056 /* DDipDescriptionTVCell.xib */ = {isa = PBXFileReference; lastKnownFileType = file.xib; path = DDipDescriptionTVCell.xib; sourceTree = "<group>"; };
		51475EAB94EFB6F010216D4C /* Pods-DDip-iOS.release.xcconfig */ = {isa = PBXFileReference; includeInIndex = 1; lastKnownFileType = text.xcconfig; name = "Pods-DDip-iOS.release.xcconfig"; path = "Target Support Files/Pods-DDip-iOS/Pods-DDip-iOS.release.xcconfig"; sourceTree = "<group>"; };
		82A55B7A3436D9F56C5CE391 /* Pods-DDip-iOS.debug.xcconfig */ = {isa = PBXFileReference; includeInIndex = 1; lastKnownFileType = text.xcconfig; name = "Pods-DDip-iOS.debug.xcconfig"; path = "Target Support Files/Pods-DDip-iOS/Pods-DDip-iOS.debug.xcconfig"; sourceTree = "<group>"; };
		BEA0F3BE6B828028E83A654E /* Pods_DDip_iOS.framework */ = {isa = PBXFileReference; explicitFileType = wrapper.framework; includeInIndex = 0; path = Pods_DDip_iOS.framework; sourceTree = BUILT_PRODUCTS_DIR; };
		EDE08D6427492E090057A015 /* DDip-iOS.app */ = {isa = PBXFileReference; explicitFileType = wrapper.application; includeInIndex = 0; path = "DDip-iOS.app"; sourceTree = BUILT_PRODUCTS_DIR; };
		EDE08D6727492E090057A015 /* AppDelegate.swift */ = {isa = PBXFileReference; lastKnownFileType = sourcecode.swift; path = AppDelegate.swift; sourceTree = "<group>"; };
		EDE08D6927492E090057A015 /* SceneDelegate.swift */ = {isa = PBXFileReference; lastKnownFileType = sourcecode.swift; path = SceneDelegate.swift; sourceTree = "<group>"; };
		EDE08D7027492E0B0057A015 /* Assets.xcassets */ = {isa = PBXFileReference; lastKnownFileType = folder.assetcatalog; path = Assets.xcassets; sourceTree = "<group>"; };
		EDE08D7327492E0B0057A015 /* Base */ = {isa = PBXFileReference; lastKnownFileType = file.storyboard; name = Base; path = Base.lproj/LaunchScreen.storyboard; sourceTree = "<group>"; };
		EDE08D7527492E0B0057A015 /* Info.plist */ = {isa = PBXFileReference; lastKnownFileType = text.plist.xml; path = Info.plist; sourceTree = "<group>"; };
		EDE08D8B27492F010057A015 /* DDipMain.storyboard */ = {isa = PBXFileReference; lastKnownFileType = file.storyboard; path = DDipMain.storyboard; sourceTree = "<group>"; };
		EDE08D8D27492F4D0057A015 /* DDipListVC.swift */ = {isa = PBXFileReference; lastKnownFileType = sourcecode.swift; path = DDipListVC.swift; sourceTree = "<group>"; };
		EDE08D8F27492FBA0057A015 /* DDipDetailVC.swift */ = {isa = PBXFileReference; lastKnownFileType = sourcecode.swift; path = DDipDetailVC.swift; sourceTree = "<group>"; };
		EDE08D9127492FE50057A015 /* DDipCreateVC.swift */ = {isa = PBXFileReference; lastKnownFileType = sourcecode.swift; path = DDipCreateVC.swift; sourceTree = "<group>"; };
		EDE08D94274933520057A015 /* UITableViewRegisterable.swift */ = {isa = PBXFileReference; lastKnownFileType = sourcecode.swift; path = UITableViewRegisterable.swift; sourceTree = "<group>"; };
		EDE08D96274933610057A015 /* UICollectionViewRegisterable.swift */ = {isa = PBXFileReference; lastKnownFileType = sourcecode.swift; path = UICollectionViewRegisterable.swift; sourceTree = "<group>"; };
		EDE08D98274933840057A015 /* ClassName+ViewController.swift */ = {isa = PBXFileReference; lastKnownFileType = sourcecode.swift; path = "ClassName+ViewController.swift"; sourceTree = "<group>"; };
		EDE08D9A274933C50057A015 /* UIView+.swift */ = {isa = PBXFileReference; lastKnownFileType = sourcecode.swift; path = "UIView+.swift"; sourceTree = "<group>"; };
		EDE08D9C274933E00057A015 /* UIViewController+.swift */ = {isa = PBXFileReference; lastKnownFileType = sourcecode.swift; path = "UIViewController+.swift"; sourceTree = "<group>"; };
		EDE08D9E274933F90057A015 /* UIScreen+.swift */ = {isa = PBXFileReference; lastKnownFileType = sourcecode.swift; path = "UIScreen+.swift"; sourceTree = "<group>"; };
		EDE08DA0274934220057A015 /* Encodable+.swift */ = {isa = PBXFileReference; lastKnownFileType = sourcecode.swift; path = "Encodable+.swift"; sourceTree = "<group>"; };
		EDE08DA2274934810057A015 /* UITextField+.swift */ = {isa = PBXFileReference; lastKnownFileType = sourcecode.swift; path = "UITextField+.swift"; sourceTree = "<group>"; };
		EDE08DA52749349A0057A015 /* BaseViewController.swift */ = {isa = PBXFileReference; lastKnownFileType = sourcecode.swift; path = BaseViewController.swift; sourceTree = "<group>"; };
		EDE08DA7274934F30057A015 /* FontLiteral.swift */ = {isa = PBXFileReference; lastKnownFileType = sourcecode.swift; path = FontLiteral.swift; sourceTree = "<group>"; };
		EDE08DA9274934FA0057A015 /* ColorLiteral.swift */ = {isa = PBXFileReference; lastKnownFileType = sourcecode.swift; path = ColorLiteral.swift; sourceTree = "<group>"; };
		EDE08DAB274935060057A015 /* ImageLiteral.swift */ = {isa = PBXFileReference; lastKnownFileType = sourcecode.swift; path = ImageLiteral.swift; sourceTree = "<group>"; };
		EDE08DD227494DB50057A015 /* GmarketSansMedium.otf */ = {isa = PBXFileReference; lastKnownFileType = file; path = GmarketSansMedium.otf; sourceTree = "<group>"; };
		EDE08DD327494DB50057A015 /* GmarketSansLight.otf */ = {isa = PBXFileReference; lastKnownFileType = file; path = GmarketSansLight.otf; sourceTree = "<group>"; };
		EDE08DD427494DB50057A015 /* GmarketSansBold.otf */ = {isa = PBXFileReference; lastKnownFileType = file; path = GmarketSansBold.otf; sourceTree = "<group>"; };
		EDE08DDA27495A150057A015 /* TabBarController.swift */ = {isa = PBXFileReference; lastKnownFileType = sourcecode.swift; path = TabBarController.swift; sourceTree = "<group>"; };
		EDE08DDC274969A80057A015 /* CardCVC.swift */ = {isa = PBXFileReference; lastKnownFileType = sourcecode.swift; path = CardCVC.swift; sourceTree = "<group>"; };
		EDE08DDE274970430057A015 /* UILabel+.swift */ = {isa = PBXFileReference; lastKnownFileType = sourcecode.swift; path = "UILabel+.swift"; sourceTree = "<group>"; };
		EDE08DE027497A570057A015 /* DDipHistoryVC.swift */ = {isa = PBXFileReference; lastKnownFileType = sourcecode.swift; path = DDipHistoryVC.swift; sourceTree = "<group>"; };
		EDE08DE227497C0E0057A015 /* HistoryHeaderTVC.swift */ = {isa = PBXFileReference; lastKnownFileType = sourcecode.swift; path = HistoryHeaderTVC.swift; sourceTree = "<group>"; };
		EDE08DE427497C560057A015 /* HistoryContentTVC.swift */ = {isa = PBXFileReference; lastKnownFileType = sourcecode.swift; path = HistoryContentTVC.swift; sourceTree = "<group>"; };
		EDE08DE6274984140057A015 /* NicknameVC.swift */ = {isa = PBXFileReference; lastKnownFileType = sourcecode.swift; path = NicknameVC.swift; sourceTree = "<group>"; };
		EDE08DE8274988050057A015 /* GeneralAPI.swift */ = {isa = PBXFileReference; lastKnownFileType = sourcecode.swift; path = GeneralAPI.swift; sourceTree = "<group>"; };
		EDE08DEA274988170057A015 /* NetworkLoggerPlugin.swift */ = {isa = PBXFileReference; lastKnownFileType = sourcecode.swift; path = NetworkLoggerPlugin.swift; sourceTree = "<group>"; };
		EDE08DEC2749882E0057A015 /* UserData.swift */ = {isa = PBXFileReference; lastKnownFileType = sourcecode.swift; path = UserData.swift; sourceTree = "<group>"; };
		EDE08DEE274988970057A015 /* Login.swift */ = {isa = PBXFileReference; lastKnownFileType = sourcecode.swift; path = Login.swift; sourceTree = "<group>"; };
		EDE08DF02749892A0057A015 /* MainService.swift */ = {isa = PBXFileReference; lastKnownFileType = sourcecode.swift; path = MainService.swift; sourceTree = "<group>"; };
		EDE08DF3274989D60057A015 /* MainManager.swift */ = {isa = PBXFileReference; lastKnownFileType = sourcecode.swift; path = MainManager.swift; sourceTree = "<group>"; };
		EDE08DF527498BF70057A015 /* MainResponse.swift */ = {isa = PBXFileReference; lastKnownFileType = sourcecode.swift; path = MainResponse.swift; sourceTree = "<group>"; };
		EDE08DF727498F090057A015 /* MainRequest.swift */ = {isa = PBXFileReference; lastKnownFileType = sourcecode.swift; path = MainRequest.swift; sourceTree = "<group>"; };
		EDE08DF9274994700057A015 /* MainPostRequest.swift */ = {isa = PBXFileReference; lastKnownFileType = sourcecode.swift; path = MainPostRequest.swift; sourceTree = "<group>"; };
		EDE08DFB274994AF0057A015 /* MainPostResponse.swift */ = {isa = PBXFileReference; lastKnownFileType = sourcecode.swift; path = MainPostResponse.swift; sourceTree = "<group>"; };
		EDE08DFD27499AA70057A015 /* LoginService.swift */ = {isa = PBXFileReference; lastKnownFileType = sourcecode.swift; path = LoginService.swift; sourceTree = "<group>"; };
		EDE08DFF27499AC90057A015 /* LoginRequest.swift */ = {isa = PBXFileReference; lastKnownFileType = sourcecode.swift; path = LoginRequest.swift; sourceTree = "<group>"; };
		EDE08E0127499B460057A015 /* LoginResponse.swift */ = {isa = PBXFileReference; lastKnownFileType = sourcecode.swift; path = LoginResponse.swift; sourceTree = "<group>"; };
		EDE08E0327499B640057A015 /* LoginManager.swift */ = {isa = PBXFileReference; lastKnownFileType = sourcecode.swift; path = LoginManager.swift; sourceTree = "<group>"; };
		EDE08E0527499E7A0057A015 /* PostRequest.swift */ = {isa = PBXFileReference; lastKnownFileType = sourcecode.swift; path = PostRequest.swift; sourceTree = "<group>"; };
		EDE08E0727499ED40057A015 /* PostResponse.swift */ = {isa = PBXFileReference; lastKnownFileType = sourcecode.swift; path = PostResponse.swift; sourceTree = "<group>"; };
		EDE08E092749A0DD0057A015 /* PostContentRequest.swift */ = {isa = PBXFileReference; lastKnownFileType = sourcecode.swift; path = PostContentRequest.swift; sourceTree = "<group>"; };
		EDE08E0B2749A2440057A015 /* PostContentResponse.swift */ = {isa = PBXFileReference; lastKnownFileType = sourcecode.swift; path = PostContentResponse.swift; sourceTree = "<group>"; };
/* End PBXFileReference section */

/* Begin PBXFrameworksBuildPhase section */
		EDE08D6127492E090057A015 /* Frameworks */ = {
			isa = PBXFrameworksBuildPhase;
			buildActionMask = 2147483647;
			files = (
				0801A612F0B1CE0BB4A1E08B /* Pods_DDip_iOS.framework in Frameworks */,
			);
			runOnlyForDeploymentPostprocessing = 0;
		};
/* End PBXFrameworksBuildPhase section */

/* Begin PBXGroup section */
		82F76DA30898F4ED2BC52559 /* Frameworks */ = {
			isa = PBXGroup;
			children = (
				BEA0F3BE6B828028E83A654E /* Pods_DDip_iOS.framework */,
			);
			name = Frameworks;
			sourceTree = "<group>";
		};
		D802F019F68761049F2DD9E6 /* Pods */ = {
			isa = PBXGroup;
			children = (
				82A55B7A3436D9F56C5CE391 /* Pods-DDip-iOS.debug.xcconfig */,
				51475EAB94EFB6F010216D4C /* Pods-DDip-iOS.release.xcconfig */,
			);
			path = Pods;
			sourceTree = "<group>";
		};
		EDE08D5B27492E090057A015 = {
			isa = PBXGroup;
			children = (
				EDE08D6627492E090057A015 /* DDip-iOS */,
				EDE08D6527492E090057A015 /* Products */,
				D802F019F68761049F2DD9E6 /* Pods */,
				82F76DA30898F4ED2BC52559 /* Frameworks */,
			);
			sourceTree = "<group>";
		};
		EDE08D6527492E090057A015 /* Products */ = {
			isa = PBXGroup;
			children = (
				EDE08D6427492E090057A015 /* DDip-iOS.app */,
			);
			name = Products;
			sourceTree = "<group>";
		};
		EDE08D6627492E090057A015 /* DDip-iOS */ = {
			isa = PBXGroup;
			children = (
				EDE08D8227492E730057A015 /* Network */,
				EDE08D7C27492E420057A015 /* Sources */,
				EDE08D7B27492E3D0057A015 /* Resources */,
			);
			path = "DDip-iOS";
			sourceTree = "<group>";
		};
		EDE08D7B27492E3D0057A015 /* Resources */ = {
			isa = PBXGroup;
			children = (
				EDE08DD127494DA10057A015 /* Fonts */,
				EDE08D8627492E940057A015 /* Views */,
				EDE08D7027492E0B0057A015 /* Assets.xcassets */,
				EDE08D7527492E0B0057A015 /* Info.plist */,
			);
			path = Resources;
			sourceTree = "<group>";
		};
		EDE08D7C27492E420057A015 /* Sources */ = {
			isa = PBXGroup;
			children = (
				EDE08DA4274934940057A015 /* Base */,
				EDE08D8A27492EAF0057A015 /* Literal */,
				EDE08D8927492EAA0057A015 /* Util */,
				EDE08D8827492EA80057A015 /* Protocol */,
				EDE08D8127492E690057A015 /* Extension */,
				EDE08D8027492E660057A015 /* Cells */,
				EDE08D7F27492E5D0057A015 /* ViewControllers */,
				EDE08D7E27492E560057A015 /* Supporting files */,
			);
			path = Sources;
			sourceTree = "<group>";
		};
		EDE08D7D27492E440057A015 /* Storyboard */ = {
			isa = PBXGroup;
			children = (
				EDE08D7227492E0B0057A015 /* LaunchScreen.storyboard */,
				EDE08D8B27492F010057A015 /* DDipMain.storyboard */,
			);
			path = Storyboard;
			sourceTree = "<group>";
		};
		EDE08D7E27492E560057A015 /* Supporting files */ = {
			isa = PBXGroup;
			children = (
				EDE08D6727492E090057A015 /* AppDelegate.swift */,
				EDE08D6927492E090057A015 /* SceneDelegate.swift */,
			);
			path = "Supporting files";
			sourceTree = "<group>";
		};
		EDE08D7F27492E5D0057A015 /* ViewControllers */ = {
			isa = PBXGroup;
			children = (
				EDE08D8D27492F4D0057A015 /* DDipListVC.swift */,
				EDE08D8F27492FBA0057A015 /* DDipDetailVC.swift */,
				EDE08D9127492FE50057A015 /* DDipCreateVC.swift */,
				EDE08DE027497A570057A015 /* DDipHistoryVC.swift */,
				EDE08DE6274984140057A015 /* NicknameVC.swift */,
			);
			path = ViewControllers;
			sourceTree = "<group>";
		};
		EDE08D8027492E660057A015 /* Cells */ = {
			isa = PBXGroup;
			children = (
				EDE08DDC274969A80057A015 /* CardCVC.swift */,
				EDE08DE227497C0E0057A015 /* HistoryHeaderTVC.swift */,
				EDE08DE427497C560057A015 /* HistoryContentTVC.swift */,
				19A4D9D627497E3E00483056 /* DDipDetailTVCell.swift */,
				19A4D9DE27498A4700483056 /* DDipDescriptionTVCell.swift */,
				19A4D9DA27497F1D00483056 /* DDipPersonTVCell.swift */,
			);
			path = Cells;
			sourceTree = "<group>";
		};
		EDE08D8127492E690057A015 /* Extension */ = {
			isa = PBXGroup;
			children = (
				EDE08D9A274933C50057A015 /* UIView+.swift */,
				EDE08D9C274933E00057A015 /* UIViewController+.swift */,
				EDE08D9E274933F90057A015 /* UIScreen+.swift */,
				EDE08DA0274934220057A015 /* Encodable+.swift */,
				EDE08DA2274934810057A015 /* UITextField+.swift */,
				EDE08DDE274970430057A015 /* UILabel+.swift */,
			);
			path = Extension;
			sourceTree = "<group>";
		};
		EDE08D8227492E730057A015 /* Network */ = {
			isa = PBXGroup;
			children = (
				EDE08DF2274989CB0057A015 /* Manager */,
				EDE08D8527492E7E0057A015 /* APIService */,
				EDE08D8427492E7A0057A015 /* Foundation */,
				EDE08D8327492E780057A015 /* Model */,
			);
			path = Network;
			sourceTree = "<group>";
		};
		EDE08D8327492E780057A015 /* Model */ = {
			isa = PBXGroup;
			children = (
				EDE08DF527498BF70057A015 /* MainResponse.swift */,
				EDE08DF727498F090057A015 /* MainRequest.swift */,
				EDE08DF9274994700057A015 /* MainPostRequest.swift */,
				EDE08DFB274994AF0057A015 /* MainPostResponse.swift */,
				EDE08DFF27499AC90057A015 /* LoginRequest.swift */,
				EDE08E0127499B460057A015 /* LoginResponse.swift */,
				EDE08E0527499E7A0057A015 /* PostRequest.swift */,
				EDE08E0727499ED40057A015 /* PostResponse.swift */,
				EDE08E092749A0DD0057A015 /* PostContentRequest.swift */,
				EDE08E0B2749A2440057A015 /* PostContentResponse.swift */,
			);
			path = Model;
			sourceTree = "<group>";
		};
		EDE08D8427492E7A0057A015 /* Foundation */ = {
			isa = PBXGroup;
			children = (
				EDE08DE8274988050057A015 /* GeneralAPI.swift */,
				EDE08DEA274988170057A015 /* NetworkLoggerPlugin.swift */,
				EDE08DEC2749882E0057A015 /* UserData.swift */,
				EDE08DEE274988970057A015 /* Login.swift */,
			);
			path = Foundation;
			sourceTree = "<group>";
		};
		EDE08D8527492E7E0057A015 /* APIService */ = {
			isa = PBXGroup;
			children = (
				EDE08DF02749892A0057A015 /* MainService.swift */,
				EDE08DFD27499AA70057A015 /* LoginService.swift */,
			);
			path = APIService;
			sourceTree = "<group>";
		};
		EDE08D8627492E940057A015 /* Views */ = {
			isa = PBXGroup;
			children = (
				EDE08D8727492E9E0057A015 /* Xib */,
				EDE08D7D27492E440057A015 /* Storyboard */,
			);
			path = Views;
			sourceTree = "<group>";
		};
		EDE08D8727492E9E0057A015 /* Xib */ = {
			isa = PBXGroup;
			children = (
				19A4D9DF27498A4700483056 /* DDipDescriptionTVCell.xib */,
				19A4D9D727497E3E00483056 /* DDipDetailTVCell.xib */,
				19A4D9DB27497F1D00483056 /* DDipPersonTVCell.xib */,
			);
			path = Xib;
			sourceTree = "<group>";
		};
		EDE08D8827492EA80057A015 /* Protocol */ = {
			isa = PBXGroup;
			children = (
				EDE08D94274933520057A015 /* UITableViewRegisterable.swift */,
				EDE08D96274933610057A015 /* UICollectionViewRegisterable.swift */,
			);
			path = Protocol;
			sourceTree = "<group>";
		};
		EDE08D8927492EAA0057A015 /* Util */ = {
			isa = PBXGroup;
			children = (
				EDE08D98274933840057A015 /* ClassName+ViewController.swift */,
			);
			path = Util;
			sourceTree = "<group>";
		};
		EDE08D8A27492EAF0057A015 /* Literal */ = {
			isa = PBXGroup;
			children = (
				EDE08DA7274934F30057A015 /* FontLiteral.swift */,
				EDE08DA9274934FA0057A015 /* ColorLiteral.swift */,
				EDE08DAB274935060057A015 /* ImageLiteral.swift */,
			);
			path = Literal;
			sourceTree = "<group>";
		};
		EDE08DA4274934940057A015 /* Base */ = {
			isa = PBXGroup;
			children = (
				EDE08DA52749349A0057A015 /* BaseViewController.swift */,
				EDE08DDA27495A150057A015 /* TabBarController.swift */,
			);
			path = Base;
			sourceTree = "<group>";
		};
		EDE08DD127494DA10057A015 /* Fonts */ = {
			isa = PBXGroup;
			children = (
				EDE08DD427494DB50057A015 /* GmarketSansBold.otf */,
				EDE08DD327494DB50057A015 /* GmarketSansLight.otf */,
				EDE08DD227494DB50057A015 /* GmarketSansMedium.otf */,
			);
			path = Fonts;
			sourceTree = "<group>";
		};
		EDE08DF2274989CB0057A015 /* Manager */ = {
			isa = PBXGroup;
			children = (
				EDE08DF3274989D60057A015 /* MainManager.swift */,
				EDE08E0327499B640057A015 /* LoginManager.swift */,
			);
			path = Manager;
			sourceTree = "<group>";
		};
/* End PBXGroup section */

/* Begin PBXNativeTarget section */
		EDE08D6327492E090057A015 /* DDip-iOS */ = {
			isa = PBXNativeTarget;
			buildConfigurationList = EDE08D7827492E0B0057A015 /* Build configuration list for PBXNativeTarget "DDip-iOS" */;
			buildPhases = (
				67867050D1FB1D617BDC6BA9 /* [CP] Check Pods Manifest.lock */,
				EDE08D6027492E090057A015 /* Sources */,
				EDE08D6127492E090057A015 /* Frameworks */,
				EDE08D6227492E090057A015 /* Resources */,
				A561D34EE04056A6D0B0EFC1 /* [CP] Embed Pods Frameworks */,
			);
			buildRules = (
			);
			dependencies = (
			);
			name = "DDip-iOS";
			productName = "DDip-iOS";
			productReference = EDE08D6427492E090057A015 /* DDip-iOS.app */;
			productType = "com.apple.product-type.application";
		};
/* End PBXNativeTarget section */

/* Begin PBXProject section */
		EDE08D5C27492E090057A015 /* Project object */ = {
			isa = PBXProject;
			attributes = {
				BuildIndependentTargetsInParallel = 1;
				LastSwiftUpdateCheck = 1310;
				LastUpgradeCheck = 1310;
				TargetAttributes = {
					EDE08D6327492E090057A015 = {
						CreatedOnToolsVersion = 13.1;
					};
				};
			};
			buildConfigurationList = EDE08D5F27492E090057A015 /* Build configuration list for PBXProject "DDip-iOS" */;
			compatibilityVersion = "Xcode 13.0";
			developmentRegion = en;
			hasScannedForEncodings = 0;
			knownRegions = (
				en,
				Base,
			);
			mainGroup = EDE08D5B27492E090057A015;
			productRefGroup = EDE08D6527492E090057A015 /* Products */;
			projectDirPath = "";
			projectRoot = "";
			targets = (
				EDE08D6327492E090057A015 /* DDip-iOS */,
			);
		};
/* End PBXProject section */

/* Begin PBXResourcesBuildPhase section */
		EDE08D6227492E090057A015 /* Resources */ = {
			isa = PBXResourcesBuildPhase;
			buildActionMask = 2147483647;
			files = (
				EDE08D8C27492F010057A015 /* DDipMain.storyboard in Resources */,
				EDE08DD727494DB50057A015 /* GmarketSansBold.otf in Resources */,
				19A4D9D927497E3E00483056 /* DDipDetailTVCell.xib in Resources */,
				EDE08DD527494DB50057A015 /* GmarketSansMedium.otf in Resources */,
				EDE08DD627494DB50057A015 /* GmarketSansLight.otf in Resources */,
				EDE08D7427492E0B0057A015 /* LaunchScreen.storyboard in Resources */,
				19A4D9E127498A4700483056 /* DDipDescriptionTVCell.xib in Resources */,
				EDE08D7127492E0B0057A015 /* Assets.xcassets in Resources */,
				19A4D9DD27497F1D00483056 /* DDipPersonTVCell.xib in Resources */,
			);
			runOnlyForDeploymentPostprocessing = 0;
		};
/* End PBXResourcesBuildPhase section */

/* Begin PBXShellScriptBuildPhase section */
		67867050D1FB1D617BDC6BA9 /* [CP] Check Pods Manifest.lock */ = {
			isa = PBXShellScriptBuildPhase;
			buildActionMask = 2147483647;
			files = (
			);
			inputFileListPaths = (
			);
			inputPaths = (
				"${PODS_PODFILE_DIR_PATH}/Podfile.lock",
				"${PODS_ROOT}/Manifest.lock",
			);
			name = "[CP] Check Pods Manifest.lock";
			outputFileListPaths = (
			);
			outputPaths = (
				"$(DERIVED_FILE_DIR)/Pods-DDip-iOS-checkManifestLockResult.txt",
			);
			runOnlyForDeploymentPostprocessing = 0;
			shellPath = /bin/sh;
			shellScript = "diff \"${PODS_PODFILE_DIR_PATH}/Podfile.lock\" \"${PODS_ROOT}/Manifest.lock\" > /dev/null\nif [ $? != 0 ] ; then\n    # print error to STDERR\n    echo \"error: The sandbox is not in sync with the Podfile.lock. Run 'pod install' or update your CocoaPods installation.\" >&2\n    exit 1\nfi\n# This output is used by Xcode 'outputs' to avoid re-running this script phase.\necho \"SUCCESS\" > \"${SCRIPT_OUTPUT_FILE_0}\"\n";
			showEnvVarsInLog = 0;
		};
		A561D34EE04056A6D0B0EFC1 /* [CP] Embed Pods Frameworks */ = {
			isa = PBXShellScriptBuildPhase;
			buildActionMask = 2147483647;
			files = (
			);
			inputFileListPaths = (
				"${PODS_ROOT}/Target Support Files/Pods-DDip-iOS/Pods-DDip-iOS-frameworks-${CONFIGURATION}-input-files.xcfilelist",
			);
			name = "[CP] Embed Pods Frameworks";
			outputFileListPaths = (
				"${PODS_ROOT}/Target Support Files/Pods-DDip-iOS/Pods-DDip-iOS-frameworks-${CONFIGURATION}-output-files.xcfilelist",
			);
			runOnlyForDeploymentPostprocessing = 0;
			shellPath = /bin/sh;
			shellScript = "\"${PODS_ROOT}/Target Support Files/Pods-DDip-iOS/Pods-DDip-iOS-frameworks.sh\"\n";
			showEnvVarsInLog = 0;
		};
/* End PBXShellScriptBuildPhase section */

/* Begin PBXSourcesBuildPhase section */
		EDE08D6027492E090057A015 /* Sources */ = {
			isa = PBXSourcesBuildPhase;
			buildActionMask = 2147483647;
			files = (
				EDE08D8E27492F4D0057A015 /* DDipListVC.swift in Sources */,
				EDE08E0627499E7A0057A015 /* PostRequest.swift in Sources */,
				EDE08E0827499ED40057A015 /* PostResponse.swift in Sources */,
				EDE08E0227499B460057A015 /* LoginResponse.swift in Sources */,
				EDE08DEB274988170057A015 /* NetworkLoggerPlugin.swift in Sources */,
				EDE08DAC274935060057A015 /* ImageLiteral.swift in Sources */,
				EDE08DE7274984140057A015 /* NicknameVC.swift in Sources */,
				EDE08E0A2749A0DD0057A015 /* PostContentRequest.swift in Sources */,
				EDE08DDF274970430057A015 /* UILabel+.swift in Sources */,
				EDE08DE127497A570057A015 /* DDipHistoryVC.swift in Sources */,
				EDE08DA3274934810057A015 /* UITextField+.swift in Sources */,
				EDE08DEF274988970057A015 /* Login.swift in Sources */,
				EDE08DDB27495A150057A015 /* TabBarController.swift in Sources */,
				EDE08DE527497C560057A015 /* HistoryContentTVC.swift in Sources */,
				EDE08D6827492E090057A015 /* AppDelegate.swift in Sources */,
				EDE08DE327497C0E0057A015 /* HistoryHeaderTVC.swift in Sources */,
				19A4D9D827497E3E00483056 /* DDipDetailTVCell.swift in Sources */,
				EDE08D9D274933E00057A015 /* UIViewController+.swift in Sources */,
				EDE08DFC274994AF0057A015 /* MainPostResponse.swift in Sources */,
				EDE08DFA274994700057A015 /* MainPostRequest.swift in Sources */,
				EDE08DA8274934F30057A015 /* FontLiteral.swift in Sources */,
				EDE08DA1274934220057A015 /* Encodable+.swift in Sources */,
				EDE08DA62749349A0057A015 /* BaseViewController.swift in Sources */,
				19A4D9E027498A4700483056 /* DDipDescriptionTVCell.swift in Sources */,
				EDE08D99274933840057A015 /* ClassName+ViewController.swift in Sources */,
				EDE08DF627498BF70057A015 /* MainResponse.swift in Sources */,
				EDE08D97274933610057A015 /* UICollectionViewRegisterable.swift in Sources */,
				EDE08DF4274989D60057A015 /* MainManager.swift in Sources */,
				EDE08DAA274934FA0057A015 /* ColorLiteral.swift in Sources */,
				EDE08DE9274988050057A015 /* GeneralAPI.swift in Sources */,
				EDE08D95274933520057A015 /* UITableViewRegisterable.swift in Sources */,
				EDE08D9F274933F90057A015 /* UIScreen+.swift in Sources */,
				EDE08DED2749882E0057A015 /* UserData.swift in Sources */,
				EDE08E0027499AC90057A015 /* LoginRequest.swift in Sources */,
				EDE08DFE27499AA70057A015 /* LoginService.swift in Sources */,
				EDE08DF12749892A0057A015 /* MainService.swift in Sources */,
				EDE08DF827498F090057A015 /* MainRequest.swift in Sources */,
				EDE08D9027492FBA0057A015 /* DDipDetailVC.swift in Sources */,
				EDE08E0C2749A2440057A015 /* PostContentResponse.swift in Sources */,
				EDE08D9B274933C50057A015 /* UIView+.swift in Sources */,
				EDE08DDD274969A80057A015 /* CardCVC.swift in Sources */,
				EDE08E0427499B640057A015 /* LoginManager.swift in Sources */,
				EDE08D6A27492E090057A015 /* SceneDelegate.swift in Sources */,
				EDE08D9227492FE50057A015 /* DDipCreateVC.swift in Sources */,
				19A4D9DC27497F1D00483056 /* DDipPersonTVCell.swift in Sources */,
			);
			runOnlyForDeploymentPostprocessing = 0;
		};
/* End PBXSourcesBuildPhase section */

/* Begin PBXVariantGroup section */
		EDE08D7227492E0B0057A015 /* LaunchScreen.storyboard */ = {
			isa = PBXVariantGroup;
			children = (
				EDE08D7327492E0B0057A015 /* Base */,
			);
			name = LaunchScreen.storyboard;
			sourceTree = "<group>";
		};
/* End PBXVariantGroup section */

/* Begin XCBuildConfiguration section */
		EDE08D7627492E0B0057A015 /* Debug */ = {
			isa = XCBuildConfiguration;
			buildSettings = {
				ALWAYS_SEARCH_USER_PATHS = NO;
				CLANG_ANALYZER_NONNULL = YES;
				CLANG_ANALYZER_NUMBER_OBJECT_CONVERSION = YES_AGGRESSIVE;
				CLANG_CXX_LANGUAGE_STANDARD = "gnu++17";
				CLANG_CXX_LIBRARY = "libc++";
				CLANG_ENABLE_MODULES = YES;
				CLANG_ENABLE_OBJC_ARC = YES;
				CLANG_ENABLE_OBJC_WEAK = YES;
				CLANG_WARN_BLOCK_CAPTURE_AUTORELEASING = YES;
				CLANG_WARN_BOOL_CONVERSION = YES;
				CLANG_WARN_COMMA = YES;
				CLANG_WARN_CONSTANT_CONVERSION = YES;
				CLANG_WARN_DEPRECATED_OBJC_IMPLEMENTATIONS = YES;
				CLANG_WARN_DIRECT_OBJC_ISA_USAGE = YES_ERROR;
				CLANG_WARN_DOCUMENTATION_COMMENTS = YES;
				CLANG_WARN_EMPTY_BODY = YES;
				CLANG_WARN_ENUM_CONVERSION = YES;
				CLANG_WARN_INFINITE_RECURSION = YES;
				CLANG_WARN_INT_CONVERSION = YES;
				CLANG_WARN_NON_LITERAL_NULL_CONVERSION = YES;
				CLANG_WARN_OBJC_IMPLICIT_RETAIN_SELF = YES;
				CLANG_WARN_OBJC_LITERAL_CONVERSION = YES;
				CLANG_WARN_OBJC_ROOT_CLASS = YES_ERROR;
				CLANG_WARN_QUOTED_INCLUDE_IN_FRAMEWORK_HEADER = YES;
				CLANG_WARN_RANGE_LOOP_ANALYSIS = YES;
				CLANG_WARN_STRICT_PROTOTYPES = YES;
				CLANG_WARN_SUSPICIOUS_MOVE = YES;
				CLANG_WARN_UNGUARDED_AVAILABILITY = YES_AGGRESSIVE;
				CLANG_WARN_UNREACHABLE_CODE = YES;
				CLANG_WARN__DUPLICATE_METHOD_MATCH = YES;
				COPY_PHASE_STRIP = NO;
				DEBUG_INFORMATION_FORMAT = dwarf;
				ENABLE_STRICT_OBJC_MSGSEND = YES;
				ENABLE_TESTABILITY = YES;
				GCC_C_LANGUAGE_STANDARD = gnu11;
				GCC_DYNAMIC_NO_PIC = NO;
				GCC_NO_COMMON_BLOCKS = YES;
				GCC_OPTIMIZATION_LEVEL = 0;
				GCC_PREPROCESSOR_DEFINITIONS = (
					"DEBUG=1",
					"$(inherited)",
				);
				GCC_WARN_64_TO_32_BIT_CONVERSION = YES;
				GCC_WARN_ABOUT_RETURN_TYPE = YES_ERROR;
				GCC_WARN_UNDECLARED_SELECTOR = YES;
				GCC_WARN_UNINITIALIZED_AUTOS = YES_AGGRESSIVE;
				GCC_WARN_UNUSED_FUNCTION = YES;
				GCC_WARN_UNUSED_VARIABLE = YES;
				IPHONEOS_DEPLOYMENT_TARGET = 15.0;
				MTL_ENABLE_DEBUG_INFO = INCLUDE_SOURCE;
				MTL_FAST_MATH = YES;
				ONLY_ACTIVE_ARCH = YES;
				SDKROOT = iphoneos;
				SWIFT_ACTIVE_COMPILATION_CONDITIONS = DEBUG;
				SWIFT_OPTIMIZATION_LEVEL = "-Onone";
			};
			name = Debug;
		};
		EDE08D7727492E0B0057A015 /* Release */ = {
			isa = XCBuildConfiguration;
			buildSettings = {
				ALWAYS_SEARCH_USER_PATHS = NO;
				CLANG_ANALYZER_NONNULL = YES;
				CLANG_ANALYZER_NUMBER_OBJECT_CONVERSION = YES_AGGRESSIVE;
				CLANG_CXX_LANGUAGE_STANDARD = "gnu++17";
				CLANG_CXX_LIBRARY = "libc++";
				CLANG_ENABLE_MODULES = YES;
				CLANG_ENABLE_OBJC_ARC = YES;
				CLANG_ENABLE_OBJC_WEAK = YES;
				CLANG_WARN_BLOCK_CAPTURE_AUTORELEASING = YES;
				CLANG_WARN_BOOL_CONVERSION = YES;
				CLANG_WARN_COMMA = YES;
				CLANG_WARN_CONSTANT_CONVERSION = YES;
				CLANG_WARN_DEPRECATED_OBJC_IMPLEMENTATIONS = YES;
				CLANG_WARN_DIRECT_OBJC_ISA_USAGE = YES_ERROR;
				CLANG_WARN_DOCUMENTATION_COMMENTS = YES;
				CLANG_WARN_EMPTY_BODY = YES;
				CLANG_WARN_ENUM_CONVERSION = YES;
				CLANG_WARN_INFINITE_RECURSION = YES;
				CLANG_WARN_INT_CONVERSION = YES;
				CLANG_WARN_NON_LITERAL_NULL_CONVERSION = YES;
				CLANG_WARN_OBJC_IMPLICIT_RETAIN_SELF = YES;
				CLANG_WARN_OBJC_LITERAL_CONVERSION = YES;
				CLANG_WARN_OBJC_ROOT_CLASS = YES_ERROR;
				CLANG_WARN_QUOTED_INCLUDE_IN_FRAMEWORK_HEADER = YES;
				CLANG_WARN_RANGE_LOOP_ANALYSIS = YES;
				CLANG_WARN_STRICT_PROTOTYPES = YES;
				CLANG_WARN_SUSPICIOUS_MOVE = YES;
				CLANG_WARN_UNGUARDED_AVAILABILITY = YES_AGGRESSIVE;
				CLANG_WARN_UNREACHABLE_CODE = YES;
				CLANG_WARN__DUPLICATE_METHOD_MATCH = YES;
				COPY_PHASE_STRIP = NO;
				DEBUG_INFORMATION_FORMAT = "dwarf-with-dsym";
				ENABLE_NS_ASSERTIONS = NO;
				ENABLE_STRICT_OBJC_MSGSEND = YES;
				GCC_C_LANGUAGE_STANDARD = gnu11;
				GCC_NO_COMMON_BLOCKS = YES;
				GCC_WARN_64_TO_32_BIT_CONVERSION = YES;
				GCC_WARN_ABOUT_RETURN_TYPE = YES_ERROR;
				GCC_WARN_UNDECLARED_SELECTOR = YES;
				GCC_WARN_UNINITIALIZED_AUTOS = YES_AGGRESSIVE;
				GCC_WARN_UNUSED_FUNCTION = YES;
				GCC_WARN_UNUSED_VARIABLE = YES;
				IPHONEOS_DEPLOYMENT_TARGET = 15.0;
				MTL_ENABLE_DEBUG_INFO = NO;
				MTL_FAST_MATH = YES;
				SDKROOT = iphoneos;
				SWIFT_COMPILATION_MODE = wholemodule;
				SWIFT_OPTIMIZATION_LEVEL = "-O";
				VALIDATE_PRODUCT = YES;
			};
			name = Release;
		};
		EDE08D7927492E0B0057A015 /* Debug */ = {
			isa = XCBuildConfiguration;
			baseConfigurationReference = 82A55B7A3436D9F56C5CE391 /* Pods-DDip-iOS.debug.xcconfig */;
			buildSettings = {
				ASSETCATALOG_COMPILER_APPICON_NAME = AppIcon;
				ASSETCATALOG_COMPILER_GLOBAL_ACCENT_COLOR_NAME = AccentColor;
				CODE_SIGN_STYLE = Automatic;
				CURRENT_PROJECT_VERSION = 1;
				GENERATE_INFOPLIST_FILE = YES;
				INFOPLIST_FILE = "DDip-iOS/Resources/Info.plist";
				INFOPLIST_KEY_UIApplicationSupportsIndirectInputEvents = YES;
				INFOPLIST_KEY_UILaunchStoryboardName = LaunchScreen;
				INFOPLIST_KEY_UIMainStoryboardFile = DDipMain;
				INFOPLIST_KEY_UISupportedInterfaceOrientations_iPad = "UIInterfaceOrientationPortrait UIInterfaceOrientationPortraitUpsideDown UIInterfaceOrientationLandscapeLeft UIInterfaceOrientationLandscapeRight";
				INFOPLIST_KEY_UISupportedInterfaceOrientations_iPhone = "UIInterfaceOrientationPortrait UIInterfaceOrientationLandscapeLeft UIInterfaceOrientationLandscapeRight";
				LD_RUNPATH_SEARCH_PATHS = (
					"$(inherited)",
					"@executable_path/Frameworks",
				);
				MARKETING_VERSION = 1.0;
				PRODUCT_BUNDLE_IDENTIFIER = "com.tiekle.DDip-iOS";
				PRODUCT_NAME = "$(TARGET_NAME)";
				SWIFT_EMIT_LOC_STRINGS = YES;
				SWIFT_VERSION = 5.0;
				TARGETED_DEVICE_FAMILY = "1,2";
			};
			name = Debug;
		};
		EDE08D7A27492E0B0057A015 /* Release */ = {
			isa = XCBuildConfiguration;
			baseConfigurationReference = 51475EAB94EFB6F010216D4C /* Pods-DDip-iOS.release.xcconfig */;
			buildSettings = {
				ASSETCATALOG_COMPILER_APPICON_NAME = AppIcon;
				ASSETCATALOG_COMPILER_GLOBAL_ACCENT_COLOR_NAME = AccentColor;
				CODE_SIGN_STYLE = Automatic;
				CURRENT_PROJECT_VERSION = 1;
				GENERATE_INFOPLIST_FILE = YES;
				INFOPLIST_FILE = "DDip-iOS/Resources/Info.plist";
				INFOPLIST_KEY_UIApplicationSupportsIndirectInputEvents = YES;
				INFOPLIST_KEY_UILaunchStoryboardName = LaunchScreen;
				INFOPLIST_KEY_UIMainStoryboardFile = DDipMain;
				INFOPLIST_KEY_UISupportedInterfaceOrientations_iPad = "UIInterfaceOrientationPortrait UIInterfaceOrientationPortraitUpsideDown UIInterfaceOrientationLandscapeLeft UIInterfaceOrientationLandscapeRight";
				INFOPLIST_KEY_UISupportedInterfaceOrientations_iPhone = "UIInterfaceOrientationPortrait UIInterfaceOrientationLandscapeLeft UIInterfaceOrientationLandscapeRight";
				LD_RUNPATH_SEARCH_PATHS = (
					"$(inherited)",
					"@executable_path/Frameworks",
				);
				MARKETING_VERSION = 1.0;
				PRODUCT_BUNDLE_IDENTIFIER = "com.tiekle.DDip-iOS";
				PRODUCT_NAME = "$(TARGET_NAME)";
				SWIFT_EMIT_LOC_STRINGS = YES;
				SWIFT_VERSION = 5.0;
				TARGETED_DEVICE_FAMILY = "1,2";
			};
			name = Release;
		};
/* End XCBuildConfiguration section */

/* Begin XCConfigurationList section */
		EDE08D5F27492E090057A015 /* Build configuration list for PBXProject "DDip-iOS" */ = {
			isa = XCConfigurationList;
			buildConfigurations = (
				EDE08D7627492E0B0057A015 /* Debug */,
				EDE08D7727492E0B0057A015 /* Release */,
			);
			defaultConfigurationIsVisible = 0;
			defaultConfigurationName = Release;
		};
		EDE08D7827492E0B0057A015 /* Build configuration list for PBXNativeTarget "DDip-iOS" */ = {
			isa = XCConfigurationList;
			buildConfigurations = (
				EDE08D7927492E0B0057A015 /* Debug */,
				EDE08D7A27492E0B0057A015 /* Release */,
			);
			defaultConfigurationIsVisible = 0;
			defaultConfigurationName = Release;
		};
/* End XCConfigurationList section */
	};
	rootObject = EDE08D5C27492E090057A015 /* Project object */;
}
